// !$*UTF8*$!
{
	archiveVersion = 1;
	classes = {
	};
	objectVersion = 77;
	objects = {

/* Begin PBXBuildFile section */
		8001D9D02DDB54530038E563 /* Aptabase in Frameworks */ = {isa = PBXBuildFile; productRef = 8001D9CF2DDB54530038E563 /* Aptabase */; };
		8001D9D32DDB54710038E563 /* MarkdownUI in Frameworks */ = {isa = PBXBuildFile; productRef = 8001D9D22DDB54710038E563 /* MarkdownUI */; };
		8001D9E62DDB56D70038E563 /* LICENSE in Resources */ = {isa = PBXBuildFile; fileRef = 8001D9E32DDB56D70038E563 /* LICENSE */; };
		8001D9E72DDB56D70038E563 /* PRIVACY_POLICY.md in Resources */ = {isa = PBXBuildFile; fileRef = 8001D9E52DDB56D70038E563 /* PRIVACY_POLICY.md */; };
		8001D9E82DDB56D70038E563 /* README.md in Resources */ = {isa = PBXBuildFile; fileRef = 8001D9E42DDB56D70038E563 /* README.md */; };
		80481BF32DDC0FB300F2FAFA /* ExampleSecrets.swift in Sources */ = {isa = PBXBuildFile; fileRef = 80481BF22DDC0FB300F2FAFA /* ExampleSecrets.swift */; };
		80481BF42DDC0FB300F2FAFA /* Secrets.swift in Sources */ = {isa = PBXBuildFile; fileRef = 80481BF12DDC0FB300F2FAFA /* Secrets.swift */; };
/* End PBXBuildFile section */

/* Begin PBXFileReference section */
		8001D9E32DDB56D70038E563 /* LICENSE */ = {isa = PBXFileReference; lastKnownFileType = text; path = LICENSE; sourceTree = "<group>"; };
		8001D9E42DDB56D70038E563 /* README.md */ = {isa = PBXFileReference; lastKnownFileType = net.daringfireball.markdown; path = README.md; sourceTree = "<group>"; };
		8001D9E52DDB56D70038E563 /* PRIVACY_POLICY.md */ = {isa = PBXFileReference; lastKnownFileType = net.daringfireball.markdown; path = PRIVACY_POLICY.md; sourceTree = "<group>"; };
		80481BF12DDC0FB300F2FAFA /* Secrets.swift */ = {isa = PBXFileReference; lastKnownFileType = sourcecode.swift; path = Secrets.swift; sourceTree = "<group>"; };
		80481BF22DDC0FB300F2FAFA /* ExampleSecrets.swift */ = {isa = PBXFileReference; lastKnownFileType = sourcecode.swift; path = ExampleSecrets.swift; sourceTree = "<group>"; };
		80C64A872DBD824600F6F019 /* Show Me Where It Hertz.app */ = {isa = PBXFileReference; explicitFileType = wrapper.application; includeInIndex = 0; path = "Show Me Where It Hertz.app"; sourceTree = BUILT_PRODUCTS_DIR; };
/* End PBXFileReference section */

/* Begin PBXFileSystemSynchronizedBuildFileExceptionSet section */
		80C64A972DBD824800F6F019 /* Exceptions for "Show Me Where It Hertz" folder in "Show Me Where It Hertz" target */ = {
			isa = PBXFileSystemSynchronizedBuildFileExceptionSet;
			membershipExceptions = (
				Info.plist,
			);
			target = 80C64A862DBD824600F6F019 /* Show Me Where It Hertz */;
		};
/* End PBXFileSystemSynchronizedBuildFileExceptionSet section */

/* Begin PBXFileSystemSynchronizedRootGroup section */
		80C64A892DBD824600F6F019 /* Show Me Where It Hertz */ = {
			isa = PBXFileSystemSynchronizedRootGroup;
			exceptions = (
				80C64A972DBD824800F6F019 /* Exceptions for "Show Me Where It Hertz" folder in "Show Me Where It Hertz" target */,
			);
			path = "Show Me Where It Hertz";
			sourceTree = "<group>";
		};
/* End PBXFileSystemSynchronizedRootGroup section */

/* Begin PBXFrameworksBuildPhase section */
		80C64A842DBD824600F6F019 /* Frameworks */ = {
			isa = PBXFrameworksBuildPhase;
			buildActionMask = 2147483647;
			files = (
				8001D9D02DDB54530038E563 /* Aptabase in Frameworks */,
				8001D9D32DDB54710038E563 /* MarkdownUI in Frameworks */,
			);
			runOnlyForDeploymentPostprocessing = 0;
		};
/* End PBXFrameworksBuildPhase section */

/* Begin PBXGroup section */
		80C64A7E2DBD824600F6F019 = {
			isa = PBXGroup;
			children = (
				8001D9E32DDB56D70038E563 /* LICENSE */,
				8001D9E42DDB56D70038E563 /* README.md */,
				80481BF12DDC0FB300F2FAFA /* Secrets.swift */,
				80481BF22DDC0FB300F2FAFA /* ExampleSecrets.swift */,
				8001D9E52DDB56D70038E563 /* PRIVACY_POLICY.md */,
				80C64A892DBD824600F6F019 /* Show Me Where It Hertz */,
				80C64A882DBD824600F6F019 /* Products */,
			);
			sourceTree = "<group>";
		};
		80C64A882DBD824600F6F019 /* Products */ = {
			isa = PBXGroup;
			children = (
				80C64A872DBD824600F6F019 /* Show Me Where It Hertz.app */,
			);
			name = Products;
			sourceTree = "<group>";
		};
/* End PBXGroup section */

/* Begin PBXNativeTarget section */
		80C64A862DBD824600F6F019 /* Show Me Where It Hertz */ = {
			isa = PBXNativeTarget;
			buildConfigurationList = 80C64A982DBD824800F6F019 /* Build configuration list for PBXNativeTarget "Show Me Where It Hertz" */;
			buildPhases = (
				80C64A832DBD824600F6F019 /* Sources */,
				80C64A842DBD824600F6F019 /* Frameworks */,
				80C64A852DBD824600F6F019 /* Resources */,
			);
			buildRules = (
			);
			dependencies = (
			);
			fileSystemSynchronizedGroups = (
				80C64A892DBD824600F6F019 /* Show Me Where It Hertz */,
			);
			name = "Show Me Where It Hertz";
			packageProductDependencies = (
				8001D9CF2DDB54530038E563 /* Aptabase */,
				8001D9D22DDB54710038E563 /* MarkdownUI */,
			);
			productName = WaveFinder;
			productReference = 80C64A872DBD824600F6F019 /* Show Me Where It Hertz.app */;
			productType = "com.apple.product-type.application";
		};
/* End PBXNativeTarget section */

/* Begin PBXProject section */
		80C64A7F2DBD824600F6F019 /* Project object */ = {
			isa = PBXProject;
			attributes = {
				BuildIndependentTargetsInParallel = 1;
				LastSwiftUpdateCheck = 1600;
				LastUpgradeCheck = 1600;
				TargetAttributes = {
					80C64A862DBD824600F6F019 = {
						CreatedOnToolsVersion = 16.0;
					};
				};
			};
			buildConfigurationList = 80C64A822DBD824600F6F019 /* Build configuration list for PBXProject "Show Me Where It Hertz" */;
			developmentRegion = en;
			hasScannedForEncodings = 0;
			knownRegions = (
				en,
				Base,
			);
			mainGroup = 80C64A7E2DBD824600F6F019;
			minimizedProjectReferenceProxies = 1;
			packageReferences = (
				8001D9CE2DDB54530038E563 /* XCRemoteSwiftPackageReference "aptabase-swift" */,
				8001D9D12DDB54710038E563 /* XCRemoteSwiftPackageReference "swift-markdown-ui" */,
			);
			preferredProjectObjectVersion = 77;
			productRefGroup = 80C64A882DBD824600F6F019 /* Products */;
			projectDirPath = "";
			projectRoot = "";
			targets = (
				80C64A862DBD824600F6F019 /* Show Me Where It Hertz */,
			);
		};
/* End PBXProject section */

/* Begin PBXResourcesBuildPhase section */
		80C64A852DBD824600F6F019 /* Resources */ = {
			isa = PBXResourcesBuildPhase;
			buildActionMask = 2147483647;
			files = (
				8001D9E62DDB56D70038E563 /* LICENSE in Resources */,
				8001D9E72DDB56D70038E563 /* PRIVACY_POLICY.md in Resources */,
				8001D9E82DDB56D70038E563 /* README.md in Resources */,
			);
			runOnlyForDeploymentPostprocessing = 0;
		};
/* End PBXResourcesBuildPhase section */

/* Begin PBXSourcesBuildPhase section */
		80C64A832DBD824600F6F019 /* Sources */ = {
			isa = PBXSourcesBuildPhase;
			buildActionMask = 2147483647;
			files = (
				80481BF32DDC0FB300F2FAFA /* ExampleSecrets.swift in Sources */,
				80481BF42DDC0FB300F2FAFA /* Secrets.swift in Sources */,
			);
			runOnlyForDeploymentPostprocessing = 0;
		};
/* End PBXSourcesBuildPhase section */

/* Begin XCBuildConfiguration section */
		80C64A992DBD824800F6F019 /* Debug */ = {
			isa = XCBuildConfiguration;
			buildSettings = {
				ASSETCATALOG_COMPILER_APPICON_NAME = AppIcon;
				ASSETCATALOG_COMPILER_GLOBAL_ACCENT_COLOR_NAME = AccentColor;
				CODE_SIGN_ENTITLEMENTS = "Show Me Where It Hertz/Show Me Where It Hertz.entitlements";
				CODE_SIGN_STYLE = Automatic;
				CURRENT_PROJECT_VERSION = 3;
				DEVELOPMENT_ASSET_PATHS = "\"Show Me Where It Hertz/Preview Content\"";
				DEVELOPMENT_TEAM = PK7HCG46US;
				ENABLE_PREVIEWS = YES;
				GENERATE_INFOPLIST_FILE = YES;
				INFOPLIST_FILE = "Show Me Where It Hertz/Info.plist";
				INFOPLIST_KEY_CFBundleDisplayName = Hertz;
				INFOPLIST_KEY_LSApplicationCategoryType = "public.app-category.utilities";
				INFOPLIST_KEY_UIApplicationSceneManifest_Generation = YES;
				INFOPLIST_KEY_UIApplicationSupportsIndirectInputEvents = YES;
				INFOPLIST_KEY_UILaunchScreen_Generation = YES;
				INFOPLIST_KEY_UISupportedInterfaceOrientations_iPad = "UIInterfaceOrientationPortrait UIInterfaceOrientationPortraitUpsideDown UIInterfaceOrientationLandscapeLeft UIInterfaceOrientationLandscapeRight";
				INFOPLIST_KEY_UISupportedInterfaceOrientations_iPhone = "UIInterfaceOrientationPortrait UIInterfaceOrientationLandscapeLeft UIInterfaceOrientationLandscapeRight";
				IPHONEOS_DEPLOYMENT_TARGET = 15.6;
				LD_RUNPATH_SEARCH_PATHS = (
					"$(inherited)",
					"@executable_path/Frameworks",
				);
				MARKETING_VERSION = 1.0;
				PRODUCT_BUNDLE_IDENTIFIER = net.snowskeleton.ShowMeWhereItHertz;
				PRODUCT_NAME = "$(TARGET_NAME)";
				SWIFT_EMIT_LOC_STRINGS = YES;
				SWIFT_VERSION = 5.0;
				TARGETED_DEVICE_FAMILY = "1,2";
			};
			name = Debug;
		};
		80C64A9A2DBD824800F6F019 /* Release */ = {
			isa = XCBuildConfiguration;
			buildSettings = {
				ASSETCATALOG_COMPILER_APPICON_NAME = AppIcon;
				ASSETCATALOG_COMPILER_GLOBAL_ACCENT_COLOR_NAME = AccentColor;
				CODE_SIGN_ENTITLEMENTS = "Show Me Where It Hertz/Show Me Where It Hertz.entitlements";
				CODE_SIGN_STYLE = Automatic;
				CURRENT_PROJECT_VERSION = 3;
				DEVELOPMENT_ASSET_PATHS = "\"Show Me Where It Hertz/Preview Content\"";
				DEVELOPMENT_TEAM = PK7HCG46US;
				ENABLE_PREVIEWS = YES;
				GENERATE_INFOPLIST_FILE = YES;
				INFOPLIST_FILE = "Show Me Where It Hertz/Info.plist";
				INFOPLIST_KEY_CFBundleDisplayName = Hertz;
				INFOPLIST_KEY_LSApplicationCategoryType = "public.app-category.utilities";
				INFOPLIST_KEY_UIApplicationSceneManifest_Generation = YES;
				INFOPLIST_KEY_UIApplicationSupportsIndirectInputEvents = YES;
				INFOPLIST_KEY_UILaunchScreen_Generation = YES;
				INFOPLIST_KEY_UISupportedInterfaceOrientations_iPad = "UIInterfaceOrientationPortrait UIInterfaceOrientationPortraitUpsideDown UIInterfaceOrientationLandscapeLeft UIInterfaceOrientationLandscapeRight";
				INFOPLIST_KEY_UISupportedInterfaceOrientations_iPhone = "UIInterfaceOrientationPortrait UIInterfaceOrientationLandscapeLeft UIInterfaceOrientationLandscapeRight";
				IPHONEOS_DEPLOYMENT_TARGET = 15.6;
				LD_RUNPATH_SEARCH_PATHS = (
					"$(inherited)",
					"@executable_path/Frameworks",
				);
				MARKETING_VERSION = 1.0;
				PRODUCT_BUNDLE_IDENTIFIER = net.snowskeleton.ShowMeWhereItHertz;
				PRODUCT_NAME = "$(TARGET_NAME)";
				SWIFT_EMIT_LOC_STRINGS = YES;
				SWIFT_VERSION = 5.0;
				TARGETED_DEVICE_FAMILY = "1,2";
			};
			name = Release;
		};
		80C64A9B2DBD824800F6F019 /* Debug */ = {
			isa = XCBuildConfiguration;
			buildSettings = {
				ALWAYS_SEARCH_USER_PATHS = NO;
				ASSETCATALOG_COMPILER_GENERATE_SWIFT_ASSET_SYMBOL_EXTENSIONS = YES;
				CLANG_ANALYZER_NONNULL = YES;
				CLANG_ANALYZER_NUMBER_OBJECT_CONVERSION = YES_AGGRESSIVE;
				CLANG_CXX_LANGUAGE_STANDARD = "gnu++20";
				CLANG_ENABLE_MODULES = YES;
				CLANG_ENABLE_OBJC_ARC = YES;
				CLANG_ENABLE_OBJC_WEAK = YES;
				CLANG_WARN_BLOCK_CAPTURE_AUTORELEASING = YES;
				CLANG_WARN_BOOL_CONVERSION = YES;
				CLANG_WARN_COMMA = YES;
				CLANG_WARN_CONSTANT_CONVERSION = YES;
				CLANG_WARN_DEPRECATED_OBJC_IMPLEMENTATIONS = YES;
				CLANG_WARN_DIRECT_OBJC_ISA_USAGE = YES_ERROR;
				CLANG_WARN_DOCUMENTATION_COMMENTS = YES;
				CLANG_WARN_EMPTY_BODY = YES;
				CLANG_WARN_ENUM_CONVERSION = YES;
				CLANG_WARN_INFINITE_RECURSION = YES;
				CLANG_WARN_INT_CONVERSION = YES;
				CLANG_WARN_NON_LITERAL_NULL_CONVERSION = YES;
				CLANG_WARN_OBJC_IMPLICIT_RETAIN_SELF = YES;
				CLANG_WARN_OBJC_LITERAL_CONVERSION = YES;
				CLANG_WARN_OBJC_ROOT_CLASS = YES_ERROR;
				CLANG_WARN_QUOTED_INCLUDE_IN_FRAMEWORK_HEADER = YES;
				CLANG_WARN_RANGE_LOOP_ANALYSIS = YES;
				CLANG_WARN_STRICT_PROTOTYPES = YES;
				CLANG_WARN_SUSPICIOUS_MOVE = YES;
				CLANG_WARN_UNGUARDED_AVAILABILITY = YES_AGGRESSIVE;
				CLANG_WARN_UNREACHABLE_CODE = YES;
				CLANG_WARN__DUPLICATE_METHOD_MATCH = YES;
				COPY_PHASE_STRIP = NO;
				DEBUG_INFORMATION_FORMAT = dwarf;
				ENABLE_STRICT_OBJC_MSGSEND = YES;
				ENABLE_TESTABILITY = YES;
				ENABLE_USER_SCRIPT_SANDBOXING = YES;
				GCC_C_LANGUAGE_STANDARD = gnu17;
				GCC_DYNAMIC_NO_PIC = NO;
				GCC_NO_COMMON_BLOCKS = YES;
				GCC_OPTIMIZATION_LEVEL = 0;
				GCC_PREPROCESSOR_DEFINITIONS = (
					"DEBUG=1",
					"$(inherited)",
				);
				GCC_WARN_64_TO_32_BIT_CONVERSION = YES;
				GCC_WARN_ABOUT_RETURN_TYPE = YES_ERROR;
				GCC_WARN_UNDECLARED_SELECTOR = YES;
				GCC_WARN_UNINITIALIZED_AUTOS = YES_AGGRESSIVE;
				GCC_WARN_UNUSED_FUNCTION = YES;
				GCC_WARN_UNUSED_VARIABLE = YES;
				IPHONEOS_DEPLOYMENT_TARGET = 18.0;
				LOCALIZATION_PREFERS_STRING_CATALOGS = YES;
				MTL_ENABLE_DEBUG_INFO = INCLUDE_SOURCE;
				MTL_FAST_MATH = YES;
				ONLY_ACTIVE_ARCH = YES;
				SDKROOT = iphoneos;
				SWIFT_ACTIVE_COMPILATION_CONDITIONS = "DEBUG $(inherited)";
				SWIFT_OPTIMIZATION_LEVEL = "-Onone";
			};
			name = Debug;
		};
		80C64A9C2DBD824800F6F019 /* Release */ = {
			isa = XCBuildConfiguration;
			buildSettings = {
				ALWAYS_SEARCH_USER_PATHS = NO;
				ASSETCATALOG_COMPILER_GENERATE_SWIFT_ASSET_SYMBOL_EXTENSIONS = YES;
				CLANG_ANALYZER_NONNULL = YES;
				CLANG_ANALYZER_NUMBER_OBJECT_CONVERSION = YES_AGGRESSIVE;
				CLANG_CXX_LANGUAGE_STANDARD = "gnu++20";
				CLANG_ENABLE_MODULES = YES;
				CLANG_ENABLE_OBJC_ARC = YES;
				CLANG_ENABLE_OBJC_WEAK = YES;
				CLANG_WARN_BLOCK_CAPTURE_AUTORELEASING = YES;
				CLANG_WARN_BOOL_CONVERSION = YES;
				CLANG_WARN_COMMA = YES;
				CLANG_WARN_CONSTANT_CONVERSION = YES;
				CLANG_WARN_DEPRECATED_OBJC_IMPLEMENTATIONS = YES;
				CLANG_WARN_DIRECT_OBJC_ISA_USAGE = YES_ERROR;
				CLANG_WARN_DOCUMENTATION_COMMENTS = YES;
				CLANG_WARN_EMPTY_BODY = YES;
				CLANG_WARN_ENUM_CONVERSION = YES;
				CLANG_WARN_INFINITE_RECURSION = YES;
				CLANG_WARN_INT_CONVERSION = YES;
				CLANG_WARN_NON_LITERAL_NULL_CONVERSION = YES;
				CLANG_WARN_OBJC_IMPLICIT_RETAIN_SELF = YES;
				CLANG_WARN_OBJC_LITERAL_CONVERSION = YES;
				CLANG_WARN_OBJC_ROOT_CLASS = YES_ERROR;
				CLANG_WARN_QUOTED_INCLUDE_IN_FRAMEWORK_HEADER = YES;
				CLANG_WARN_RANGE_LOOP_ANALYSIS = YES;
				CLANG_WARN_STRICT_PROTOTYPES = YES;
				CLANG_WARN_SUSPICIOUS_MOVE = YES;
				CLANG_WARN_UNGUARDED_AVAILABILITY = YES_AGGRESSIVE;
				CLANG_WARN_UNREACHABLE_CODE = YES;
				CLANG_WARN__DUPLICATE_METHOD_MATCH = YES;
				COPY_PHASE_STRIP = NO;
				DEBUG_INFORMATION_FORMAT = "dwarf-with-dsym";
				ENABLE_NS_ASSERTIONS = NO;
				ENABLE_STRICT_OBJC_MSGSEND = YES;
				ENABLE_USER_SCRIPT_SANDBOXING = YES;
				GCC_C_LANGUAGE_STANDARD = gnu17;
				GCC_NO_COMMON_BLOCKS = YES;
				GCC_WARN_64_TO_32_BIT_CONVERSION = YES;
				GCC_WARN_ABOUT_RETURN_TYPE = YES_ERROR;
				GCC_WARN_UNDECLARED_SELECTOR = YES;
				GCC_WARN_UNINITIALIZED_AUTOS = YES_AGGRESSIVE;
				GCC_WARN_UNUSED_FUNCTION = YES;
				GCC_WARN_UNUSED_VARIABLE = YES;
				IPHONEOS_DEPLOYMENT_TARGET = 18.0;
				LOCALIZATION_PREFERS_STRING_CATALOGS = YES;
				MTL_ENABLE_DEBUG_INFO = NO;
				MTL_FAST_MATH = YES;
				SDKROOT = iphoneos;
				SWIFT_COMPILATION_MODE = wholemodule;
				VALIDATE_PRODUCT = YES;
			};
			name = Release;
		};
/* End XCBuildConfiguration section */

/* Begin XCConfigurationList section */
		80C64A822DBD824600F6F019 /* Build configuration list for PBXProject "Show Me Where It Hertz" */ = {
			isa = XCConfigurationList;
			buildConfigurations = (
				80C64A9B2DBD824800F6F019 /* Debug */,
				80C64A9C2DBD824800F6F019 /* Release */,
			);
			defaultConfigurationIsVisible = 0;
			defaultConfigurationName = Release;
		};
		80C64A982DBD824800F6F019 /* Build configuration list for PBXNativeTarget "Show Me Where It Hertz" */ = {
			isa = XCConfigurationList;
			buildConfigurations = (
				80C64A992DBD824800F6F019 /* Debug */,
				80C64A9A2DBD824800F6F019 /* Release */,
			);
			defaultConfigurationIsVisible = 0;
			defaultConfigurationName = Release;
		};
/* End XCConfigurationList section */

/* Begin XCRemoteSwiftPackageReference section */
		8001D9CE2DDB54530038E563 /* XCRemoteSwiftPackageReference "aptabase-swift" */ = {
			isa = XCRemoteSwiftPackageReference;
			repositoryURL = "https://github.com/aptabase/aptabase-swift";
			requirement = {
				kind = upToNextMajorVersion;
				minimumVersion = 0.3.11;
			};
		};
		8001D9D12DDB54710038E563 /* XCRemoteSwiftPackageReference "swift-markdown-ui" */ = {
			isa = XCRemoteSwiftPackageReference;
			repositoryURL = "https://github.com/gonzalezreal/swift-markdown-ui";
			requirement = {
				kind = upToNextMajorVersion;
				minimumVersion = 2.4.1;
			};
		};
/* End XCRemoteSwiftPackageReference section */

/* Begin XCSwiftPackageProductDependency section */
		8001D9CF2DDB54530038E563 /* Aptabase */ = {
			isa = XCSwiftPackageProductDependency;
			package = 8001D9CE2DDB54530038E563 /* XCRemoteSwiftPackageReference "aptabase-swift" */;
			productName = Aptabase;
		};
		8001D9D22DDB54710038E563 /* MarkdownUI */ = {
			isa = XCSwiftPackageProductDependency;
			package = 8001D9D12DDB54710038E563 /* XCRemoteSwiftPackageReference "swift-markdown-ui" */;
			productName = MarkdownUI;
		};
/* End XCSwiftPackageProductDependency section */
	};
	rootObject = 80C64A7F2DBD824600F6F019 /* Project object */;
}
